// !$*UTF8*$!
{
	archiveVersion = 1;
	classes = {
	};
	objectVersion = 56;
	objects = {

/* Begin PBXBuildFile section */
		FEB20D262AF6A1F40047EFEE /* AppDelegate.m in Sources */ = {isa = PBXBuildFile; fileRef = FEB20D252AF6A1F40047EFEE /* AppDelegate.m */; };
		FEB20D292AF6A1F40047EFEE /* SceneDelegate.m in Sources */ = {isa = PBXBuildFile; fileRef = FEB20D282AF6A1F40047EFEE /* SceneDelegate.m */; };
		FEB20D2C2AF6A1F40047EFEE /* ViewController.m in Sources */ = {isa = PBXBuildFile; fileRef = FEB20D2B2AF6A1F40047EFEE /* ViewController.m */; };
		FEB20D2F2AF6A1F40047EFEE /* Main.storyboard in Resources */ = {isa = PBXBuildFile; fileRef = FEB20D2D2AF6A1F40047EFEE /* Main.storyboard */; };
		FEB20D312AF6A1F50047EFEE /* Assets.xcassets in Resources */ = {isa = PBXBuildFile; fileRef = FEB20D302AF6A1F50047EFEE /* Assets.xcassets */; };
		FEB20D342AF6A1F50047EFEE /* LaunchScreen.storyboard in Resources */ = {isa = PBXBuildFile; fileRef = FEB20D322AF6A1F50047EFEE /* LaunchScreen.storyboard */; };
		FEB20D372AF6A1F50047EFEE /* main.m in Sources */ = {isa = PBXBuildFile; fileRef = FEB20D362AF6A1F50047EFEE /* main.m */; };
		FEB20D3F2AF6AB760047EFEE /* SecondViewController.m in Sources */ = {isa = PBXBuildFile; fileRef = FEB20D3E2AF6AB760047EFEE /* SecondViewController.m */; };
/* End PBXBuildFile section */

/* Begin PBXFileReference section */
		FEB20D212AF6A1F40047EFEE /* zadanie4.app */ = {isa = PBXFileReference; explicitFileType = wrapper.application; includeInIndex = 0; path = zadanie4.app; sourceTree = BUILT_PRODUCTS_DIR; };
		FEB20D242AF6A1F40047EFEE /* AppDelegate.h */ = {isa = PBXFileReference; lastKnownFileType = sourcecode.c.h; path = AppDelegate.h; sourceTree = "<group>"; };
		FEB20D252AF6A1F40047EFEE /* AppDelegate.m */ = {isa = PBXFileReference; lastKnownFileType = sourcecode.c.objc; path = AppDelegate.m; sourceTree = "<group>"; };
		FEB20D272AF6A1F40047EFEE /* SceneDelegate.h */ = {isa = PBXFileReference; lastKnownFileType = sourcecode.c.h; path = SceneDelegate.h; sourceTree = "<group>"; };
		FEB20D282AF6A1F40047EFEE /* SceneDelegate.m */ = {isa = PBXFileReference; lastKnownFileType = sourcecode.c.objc; path = SceneDelegate.m; sourceTree = "<group>"; };
		FEB20D2A2AF6A1F40047EFEE /* ViewController.h */ = {isa = PBXFileReference; lastKnownFileType = sourcecode.c.h; path = ViewController.h; sourceTree = "<group>"; };
		FEB20D2B2AF6A1F40047EFEE /* ViewController.m */ = {isa = PBXFileReference; lastKnownFileType = sourcecode.c.objc; path = ViewController.m; sourceTree = "<group>"; };
		FEB20D2E2AF6A1F40047EFEE /* Base */ = {isa = PBXFileReference; lastKnownFileType = file.storyboard; name = Base; path = Base.lproj/Main.storyboard; sourceTree = "<group>"; };
		FEB20D302AF6A1F50047EFEE /* Assets.xcassets */ = {isa = PBXFileReference; lastKnownFileType = folder.assetcatalog; path = Assets.xcassets; sourceTree = "<group>"; };
		FEB20D332AF6A1F50047EFEE /* Base */ = {isa = PBXFileReference; lastKnownFileType = file.storyboard; name = Base; path = Base.lproj/LaunchScreen.storyboard; sourceTree = "<group>"; };
		FEB20D352AF6A1F50047EFEE /* Info.plist */ = {isa = PBXFileReference; lastKnownFileType = text.plist.xml; path = Info.plist; sourceTree = "<group>"; };
		FEB20D362AF6A1F50047EFEE /* main.m */ = {isa = PBXFileReference; lastKnownFileType = sourcecode.c.objc; path = main.m; sourceTree = "<group>"; };
		FEB20D3D2AF6AB760047EFEE /* SecondViewController.h */ = {isa = PBXFileReference; lastKnownFileType = sourcecode.c.h; path = SecondViewController.h; sourceTree = "<group>"; };
		FEB20D3E2AF6AB760047EFEE /* SecondViewController.m */ = {isa = PBXFileReference; lastKnownFileType = sourcecode.c.objc; path = SecondViewController.m; sourceTree = "<group>"; };
/* End PBXFileReference section */

/* Begin PBXFrameworksBuildPhase section */
		FEB20D1E2AF6A1F40047EFEE /* Frameworks */ = {
			isa = PBXFrameworksBuildPhase;
			buildActionMask = 2147483647;
			files = (
			);
			runOnlyForDeploymentPostprocessing = 0;
		};
/* End PBXFrameworksBuildPhase section */

/* Begin PBXGroup section */
		FEB20D182AF6A1F40047EFEE = {
			isa = PBXGroup;
			children = (
				FEB20D232AF6A1F40047EFEE /* zadanie4 */,
				FEB20D222AF6A1F40047EFEE /* Products */,
			);
			sourceTree = "<group>";
		};
		FEB20D222AF6A1F40047EFEE /* Products */ = {
			isa = PBXGroup;
			children = (
				FEB20D212AF6A1F40047EFEE /* zadanie4.app */,
			);
			name = Products;
			sourceTree = "<group>";
		};
		FEB20D232AF6A1F40047EFEE /* zadanie4 */ = {
			isa = PBXGroup;
			children = (
				FEB20D242AF6A1F40047EFEE /* AppDelegate.h */,
				FEB20D252AF6A1F40047EFEE /* AppDelegate.m */,
				FEB20D272AF6A1F40047EFEE /* SceneDelegate.h */,
				FEB20D282AF6A1F40047EFEE /* SceneDelegate.m */,
				FEB20D2A2AF6A1F40047EFEE /* ViewController.h */,
				FEB20D2B2AF6A1F40047EFEE /* ViewController.m */,
				FEB20D2D2AF6A1F40047EFEE /* Main.storyboard */,
				FEB20D302AF6A1F50047EFEE /* Assets.xcassets */,
				FEB20D322AF6A1F50047EFEE /* LaunchScreen.storyboard */,
				FEB20D352AF6A1F50047EFEE /* Info.plist */,
				FEB20D362AF6A1F50047EFEE /* main.m */,
				FEB20D3D2AF6AB760047EFEE /* SecondViewController.h */,
				FEB20D3E2AF6AB760047EFEE /* SecondViewController.m */,
			);
			path = zadanie4;
			sourceTree = "<group>";
		};
/* End PBXGroup section */

/* Begin PBXNativeTarget section */
		FEB20D202AF6A1F40047EFEE /* zadanie4 */ = {
			isa = PBXNativeTarget;
			buildConfigurationList = FEB20D3A2AF6A1F50047EFEE /* Build configuration list for PBXNativeTarget "zadanie4" */;
			buildPhases = (
				FEB20D1D2AF6A1F40047EFEE /* Sources */,
				FEB20D1E2AF6A1F40047EFEE /* Frameworks */,
				FEB20D1F2AF6A1F40047EFEE /* Resources */,
			);
			buildRules = (
			);
			dependencies = (
			);
			name = zadanie4;
			productName = zadanie4;
			productReference = FEB20D212AF6A1F40047EFEE /* zadanie4.app */;
			productType = "com.apple.product-type.application";
		};
/* End PBXNativeTarget section */

/* Begin PBXProject section */
		FEB20D192AF6A1F40047EFEE /* Project object */ = {
			isa = PBXProject;
			attributes = {
				BuildIndependentTargetsInParallel = 1;
				LastUpgradeCheck = 1500;
				TargetAttributes = {
					FEB20D202AF6A1F40047EFEE = {
						CreatedOnToolsVersion = 15.0.1;
					};
				};
			};
			buildConfigurationList = FEB20D1C2AF6A1F40047EFEE /* Build configuration list for PBXProject "zadanie4" */;
			compatibilityVersion = "Xcode 14.0";
			developmentRegion = en;
			hasScannedForEncodings = 0;
			knownRegions = (
				en,
				Base,
			);
			mainGroup = FEB20D182AF6A1F40047EFEE;
			productRefGroup = FEB20D222AF6A1F40047EFEE /* Products */;
			projectDirPath = "";
			projectRoot = "";
			targets = (
				FEB20D202AF6A1F40047EFEE /* zadanie4 */,
			);
		};
/* End PBXProject section */

/* Begin PBXResourcesBuildPhase section */
		FEB20D1F2AF6A1F40047EFEE /* Resources */ = {
			isa = PBXResourcesBuildPhase;
			buildActionMask = 2147483647;
			files = (
				FEB20D342AF6A1F50047EFEE /* LaunchScreen.storyboard in Resources */,
				FEB20D312AF6A1F50047EFEE /* Assets.xcassets in Resources */,
				FEB20D2F2AF6A1F40047EFEE /* Main.storyboard in Resources */,
			);
			runOnlyForDeploymentPostprocessing = 0;
		};
/* End PBXResourcesBuildPhase section */

/* Begin PBXSourcesBuildPhase section */
		FEB20D1D2AF6A1F40047EFEE /* Sources */ = {
			isa = PBXSourcesBuildPhase;
			buildActionMask = 2147483647;
			files = (
				FEB20D3F2AF6AB760047EFEE /* SecondViewController.m in Sources */,
				FEB20D2C2AF6A1F40047EFEE /* ViewController.m in Sources */,
				FEB20D262AF6A1F40047EFEE /* AppDelegate.m in Sources */,
				FEB20D372AF6A1F50047EFEE /* main.m in Sources */,
				FEB20D292AF6A1F40047EFEE /* SceneDelegate.m in Sources */,
			);
			runOnlyForDeploymentPostprocessing = 0;
		};
/* End PBXSourcesBuildPhase section */

/* Begin PBXVariantGroup section */
		FEB20D2D2AF6A1F40047EFEE /* Main.storyboard */ = {
			isa = PBXVariantGroup;
			children = (
				FEB20D2E2AF6A1F40047EFEE /* Base */,
			);
			name = Main.storyboard;
			sourceTree = "<group>";
		};
		FEB20D322AF6A1F50047EFEE /* LaunchScreen.storyboard */ = {
			isa = PBXVariantGroup;
			children = (
				FEB20D332AF6A1F50047EFEE /* Base */,
			);
			name = LaunchScreen.storyboard;
			sourceTree = "<group>";
		};
/* End PBXVariantGroup section */

/* Begin XCBuildConfiguration section */
		FEB20D382AF6A1F50047EFEE /* Debug */ = {
			isa = XCBuildConfiguration;
			buildSettings = {
				ALWAYS_SEARCH_USER_PATHS = NO;
				ASSETCATALOG_COMPILER_GENERATE_SWIFT_ASSET_SYMBOL_EXTENSIONS = YES;
				CLANG_ANALYZER_NONNULL = YES;
				CLANG_ANALYZER_NUMBER_OBJECT_CONVERSION = YES_AGGRESSIVE;
				CLANG_CXX_LANGUAGE_STANDARD = "gnu++20";
				CLANG_ENABLE_MODULES = YES;
				CLANG_ENABLE_OBJC_ARC = YES;
				CLANG_ENABLE_OBJC_WEAK = YES;
				CLANG_WARN_BLOCK_CAPTURE_AUTORELEASING = YES;
				CLANG_WARN_BOOL_CONVERSION = YES;
				CLANG_WARN_COMMA = YES;
				CLANG_WARN_CONSTANT_CONVERSION = YES;
				CLANG_WARN_DEPRECATED_OBJC_IMPLEMENTATIONS = YES;
				CLANG_WARN_DIRECT_OBJC_ISA_USAGE = YES_ERROR;
				CLANG_WARN_DOCUMENTATION_COMMENTS = YES;
				CLANG_WARN_EMPTY_BODY = YES;
				CLANG_WARN_ENUM_CONVERSION = YES;
				CLANG_WARN_INFINITE_RECURSION = YES;
				CLANG_WARN_INT_CONVERSION = YES;
				CLANG_WARN_NON_LITERAL_NULL_CONVERSION = YES;
				CLANG_WARN_OBJC_IMPLICIT_RETAIN_SELF = YES;
				CLANG_WARN_OBJC_LITERAL_CONVERSION = YES;
				CLANG_WARN_OBJC_ROOT_CLASS = YES_ERROR;
				CLANG_WARN_QUOTED_INCLUDE_IN_FRAMEWORK_HEADER = YES;
				CLANG_WARN_RANGE_LOOP_ANALYSIS = YES;
				CLANG_WARN_STRICT_PROTOTYPES = YES;
				CLANG_WARN_SUSPICIOUS_MOVE = YES;
				CLANG_WARN_UNGUARDED_AVAILABILITY = YES_AGGRESSIVE;
				CLANG_WARN_UNREACHABLE_CODE = YES;
				CLANG_WARN__DUPLICATE_METHOD_MATCH = YES;
				COPY_PHASE_STRIP = NO;
				DEBUG_INFORMATION_FORMAT = dwarf;
				ENABLE_STRICT_OBJC_MSGSEND = YES;
				ENABLE_TESTABILITY = YES;
				ENABLE_USER_SCRIPT_SANDBOXING = YES;
				GCC_C_LANGUAGE_STANDARD = gnu17;
				GCC_DYNAMIC_NO_PIC = NO;
				GCC_NO_COMMON_BLOCKS = YES;
				GCC_OPTIMIZATION_LEVEL = 0;
				GCC_PREPROCESSOR_DEFINITIONS = (
					"DEBUG=1",
					"$(inherited)",
				);
				GCC_WARN_64_TO_32_BIT_CONVERSION = YES;
				GCC_WARN_ABOUT_RETURN_TYPE = YES_ERROR;
				GCC_WARN_UNDECLARED_SELECTOR = YES;
				GCC_WARN_UNINITIALIZED_AUTOS = YES_AGGRESSIVE;
				GCC_WARN_UNUSED_FUNCTION = YES;
				GCC_WARN_UNUSED_VARIABLE = YES;
				IPHONEOS_DEPLOYMENT_TARGET = 17.0;
				LOCALIZATION_PREFERS_STRING_CATALOGS = YES;
				MTL_ENABLE_DEBUG_INFO = INCLUDE_SOURCE;
				MTL_FAST_MATH = YES;
				ONLY_ACTIVE_ARCH = YES;
				SDKROOT = iphoneos;
			};
			name = Debug;
		};
		FEB20D392AF6A1F50047EFEE /* Release */ = {
			isa = XCBuildConfiguration;
			buildSettings = {
				ALWAYS_SEARCH_USER_PATHS = NO;
				ASSETCATALOG_COMPILER_GENERATE_SWIFT_ASSET_SYMBOL_EXTENSIONS = YES;
				CLANG_ANALYZER_NONNULL = YES;
				CLANG_ANALYZER_NUMBER_OBJECT_CONVERSION = YES_AGGRESSIVE;
				CLANG_CXX_LANGUAGE_STANDARD = "gnu++20";
				CLANG_ENABLE_MODULES = YES;
				CLANG_ENABLE_OBJC_ARC = YES;
				CLANG_ENABLE_OBJC_WEAK = YES;
				CLANG_WARN_BLOCK_CAPTURE_AUTORELEASING = YES;
				CLANG_WARN_BOOL_CONVERSION = YES;
				CLANG_WARN_COMMA = YES;
				CLANG_WARN_CONSTANT_CONVERSION = YES;
				CLANG_WARN_DEPRECATED_OBJC_IMPLEMENTATIONS = YES;
				CLANG_WARN_DIRECT_OBJC_ISA_USAGE = YES_ERROR;
				CLANG_WARN_DOCUMENTATION_COMMENTS = YES;
				CLANG_WARN_EMPTY_BODY = YES;
				CLANG_WARN_ENUM_CONVERSION = YES;
				CLANG_WARN_INFINITE_RECURSION = YES;
				CLANG_WARN_INT_CONVERSION = YES;
				CLANG_WARN_NON_LITERAL_NULL_CONVERSION = YES;
				CLANG_WARN_OBJC_IMPLICIT_RETAIN_SELF = YES;
				CLANG_WARN_OBJC_LITERAL_CONVERSION = YES;
				CLANG_WARN_OBJC_ROOT_CLASS = YES_ERROR;
				CLANG_WARN_QUOTED_INCLUDE_IN_FRAMEWORK_HEADER = YES;
				CLANG_WARN_RANGE_LOOP_ANALYSIS = YES;
				CLANG_WARN_STRICT_PROTOTYPES = YES;
				CLANG_WARN_SUSPICIOUS_MOVE = YES;
				CLANG_WARN_UNGUARDED_AVAILABILITY = YES_AGGRESSIVE;
				CLANG_WARN_UNREACHABLE_CODE = YES;
				CLANG_WARN__DUPLICATE_METHOD_MATCH = YES;
				COPY_PHASE_STRIP = NO;
				DEBUG_INFORMATION_FORMAT = "dwarf-with-dsym";
				ENABLE_NS_ASSERTIONS = NO;
				ENABLE_STRICT_OBJC_MSGSEND = YES;
				ENABLE_USER_SCRIPT_SANDBOXING = YES;
				GCC_C_LANGUAGE_STANDARD = gnu17;
				GCC_NO_COMMON_BLOCKS = YES;
				GCC_WARN_64_TO_32_BIT_CONVERSION = YES;
				GCC_WARN_ABOUT_RETURN_TYPE = YES_ERROR;
				GCC_WARN_UNDECLARED_SELECTOR = YES;
				GCC_WARN_UNINITIALIZED_AUTOS = YES_AGGRESSIVE;
				GCC_WARN_UNUSED_FUNCTION = YES;
				GCC_WARN_UNUSED_VARIABLE = YES;
				IPHONEOS_DEPLOYMENT_TARGET = 17.0;
				LOCALIZATION_PREFERS_STRING_CATALOGS = YES;
				MTL_ENABLE_DEBUG_INFO = NO;
				MTL_FAST_MATH = YES;
				SDKROOT = iphoneos;
				VALIDATE_PRODUCT = YES;
			};
			name = Release;
		};
		FEB20D3B2AF6A1F50047EFEE /* Debug */ = {
			isa = XCBuildConfiguration;
			buildSettings = {
				ASSETCATALOG_COMPILER_APPICON_NAME = AppIcon;
				ASSETCATALOG_COMPILER_GLOBAL_ACCENT_COLOR_NAME = AccentColor;
				CODE_SIGN_STYLE = Automatic;
				CURRENT_PROJECT_VERSION = 1;
				GENERATE_INFOPLIST_FILE = YES;
				INFOPLIST_FILE = zadanie4/Info.plist;
				INFOPLIST_KEY_UIApplicationSupportsIndirectInputEvents = YES;
				INFOPLIST_KEY_UILaunchStoryboardName = LaunchScreen;
				INFOPLIST_KEY_UIMainStoryboardFile = Main;
				INFOPLIST_KEY_UISupportedInterfaceOrientations_iPad = "UIInterfaceOrientationPortrait UIInterfaceOrientationPortraitUpsideDown UIInterfaceOrientationLandscapeLeft UIInterfaceOrientationLandscapeRight";
				INFOPLIST_KEY_UISupportedInterfaceOrientations_iPhone = "UIInterfaceOrientationPortrait UIInterfaceOrientationLandscapeLeft UIInterfaceOrientationLandscapeRight";
				LD_RUNPATH_SEARCH_PATHS = (
					"$(inherited)",
					"@executable_path/Frameworks",
				);
				MARKETING_VERSION = 1.0;
				PRODUCT_BUNDLE_IDENTIFIER = com.zadanie4.zadanie4;
				PRODUCT_NAME = "$(TARGET_NAME)";
				SWIFT_EMIT_LOC_STRINGS = YES;
				TARGETED_DEVICE_FAMILY = "1,2";
			};
			name = Debug;
		};
		FEB20D3C2AF6A1F50047EFEE /* Release */ = {
			isa = XCBuildConfiguration;
			buildSettings = {
				ASSETCATALOG_COMPILER_APPICON_NAME = AppIcon;
				ASSETCATALOG_COMPILER_GLOBAL_ACCENT_COLOR_NAME = AccentColor;
				CODE_SIGN_STYLE = Automatic;
				CURRENT_PROJECT_VERSION = 1;
				GENERATE_INFOPLIST_FILE = YES;
				INFOPLIST_FILE = zadanie4/Info.plist;
				INFOPLIST_KEY_UIApplicationSupportsIndirectInputEvents = YES;
				INFOPLIST_KEY_UILaunchStoryboardName = LaunchScreen;
				INFOPLIST_KEY_UIMainStoryboardFile = Main;
				INFOPLIST_KEY_UISupportedInterfaceOrientations_iPad = "UIInterfaceOrientationPortrait UIInterfaceOrientationPortraitUpsideDown UIInterfaceOrientationLandscapeLeft UIInterfaceOrientationLandscapeRight";
				INFOPLIST_KEY_UISupportedInterfaceOrientations_iPhone = "UIInterfaceOrientationPortrait UIInterfaceOrientationLandscapeLeft UIInterfaceOrientationLandscapeRight";
				LD_RUNPATH_SEARCH_PATHS = (
					"$(inherited)",
					"@executable_path/Frameworks",
				);
				MARKETING_VERSION = 1.0;
				PRODUCT_BUNDLE_IDENTIFIER = com.zadanie4.zadanie4;
				PRODUCT_NAME = "$(TARGET_NAME)";
				SWIFT_EMIT_LOC_STRINGS = YES;
				TARGETED_DEVICE_FAMILY = "1,2";
			};
			name = Release;
		};
/* End XCBuildConfiguration section */

/* Begin XCConfigurationList section */
		FEB20D1C2AF6A1F40047EFEE /* Build configuration list for PBXProject "zadanie4" */ = {
			isa = XCConfigurationList;
			buildConfigurations = (
				FEB20D382AF6A1F50047EFEE /* Debug */,
				FEB20D392AF6A1F50047EFEE /* Release */,
			);
			defaultConfigurationIsVisible = 0;
			defaultConfigurationName = Release;
		};
		FEB20D3A2AF6A1F50047EFEE /* Build configuration list for PBXNativeTarget "zadanie4" */ = {
			isa = XCConfigurationList;
			buildConfigurations = (
				FEB20D3B2AF6A1F50047EFEE /* Debug */,
				FEB20D3C2AF6A1F50047EFEE /* Release */,
			);
			defaultConfigurationIsVisible = 0;
			defaultConfigurationName = Release;
		};
/* End XCConfigurationList section */
	};
	rootObject = FEB20D192AF6A1F40047EFEE /* Project object */;
}
